
Microsoft Visual Studio Solution File, Format Version 12.00
# Visual Studio Version 16
VisualStudioVersion = 16.0.29503.13
MinimumVisualStudioVersion = 10.0.40219.1
Project("{FAE04EC0-301F-11D3-BF4B-00C04F79EFBC}") = "L1_AC_1221519", "L1_AC_1221519.csproj", "{F48D9D44-E83C-4FA7-A581-4482528B27B2}"
EndProject
Global
	GlobalSection(SolutionConfigurationPlatforms) = preSolution
		Debug|Any CPU = Debug|Any CPU
		Release|Any CPU = Release|Any CPU
	EndGlobalSection
	GlobalSection(ProjectConfigurationPlatforms) = postSolution
		{F48D9D44-E83C-4FA7-A581-4482528B27B2}.Debug|Any CPU.ActiveCfg = Debug|Any CPU
		{F48D9D44-E83C-4FA7-A581-4482528B27B2}.Debug|Any CPU.Build.0 = Debug|Any CPU
		{F48D9D44-E83C-4FA7-A581-4482528B27B2}.Release|Any CPU.ActiveCfg = Release|Any CPU
		{F48D9D44-E83C-4FA7-A581-4482528B27B2}.Release|Any CPU.Build.0 = Release|Any CPU
	EndGlobalSection
	GlobalSection(SolutionProperties) = preSolution
		HideSolutionNode = FALSE
	EndGlobalSection
	GlobalSection(ExtensibilityGlobals) = postSolution
		SolutionGuid = {F2958C68-D1EA-439C-BBD0-C012AAC2CB91}
	EndGlobalSection
EndGlobal
